Microsoft Visual Studio Solution File, Format Version 12.00
# Visual Studio Version 17
VisualStudioVersion = 17.5.2.0
MinimumVisualStudioVersion = 10.0.40219.1
Project("{FAE04EC0-301F-11D3-BF4B-00C04F79EFBC}") = "APIpersonagens", "APIpersonagens\APIpersonagens.csproj", "{9E46AC40-C73D-172D-CCC3-8F316ECFAC90}"
EndProject
Global
	GlobalSection(SolutionConfigurationPlatforms) = preSolution
		Debug|Any CPU = Debug|Any CPU
		Release|Any CPU = Release|Any CPU
	EndGlobalSection
	GlobalSection(ProjectConfigurationPlatforms) = postSolution
		{9E46AC40-C73D-172D-CCC3-8F316ECFAC90}.Debug|Any CPU.ActiveCfg = Debug|Any CPU
		{9E46AC40-C73D-172D-CCC3-8F316ECFAC90}.Debug|Any CPU.Build.0 = Debug|Any CPU
		{9E46AC40-C73D-172D-CCC3-8F316ECFAC90}.Release|Any CPU.ActiveCfg = Release|Any CPU
		{9E46AC40-C73D-172D-CCC3-8F316ECFAC90}.Release|Any CPU.Build.0 = Release|Any CPU
	EndGlobalSection
	GlobalSection(SolutionProperties) = preSolution
		HideSolutionNode = FALSE
	EndGlobalSection
	GlobalSection(ExtensibilityGlobals) = postSolution
		SolutionGuid = {D1E5F703-6FB2-4274-A412-9CFE3A961575}
	EndGlobalSection
EndGlobal
